{
  "name": "VibeMap",
  "lockfileVersion": 3,
  "requires": true,
  "packages": {
    "": {
      "dependencies": {
        "@googlemaps/js-api-loader": "^1.16.8",
        "@quasar/extras": "^1.16.17",
        "leaflet": "^1.9.4",
        "quasar-app-extension-q-google-map": "^1.0.0"
      }
    },
    "node_modules/@googlemaps/js-api-loader": {
      "version": "1.16.8",
      "resolved": "https://registry.npmjs.org/@googlemaps/js-api-loader/-/js-api-loader-1.16.8.tgz",
      "integrity": "sha512-CROqqwfKotdO6EBjZO/gQGVTbeDps5V7Mt9+8+5Q+jTg5CRMi3Ii/L9PmV3USROrt2uWxtGzJHORmByxyo9pSQ==",
      "license": "Apache-2.0"
    },
    "node_modules/@quasar/extras": {
      "version": "1.16.17",
      "resolved": "https://registry.npmjs.org/@quasar/extras/-/extras-1.16.17.tgz",
      "integrity": "sha512-4aX9XU/oj1+8O2C7LQCgywmoIw7suyUEZMPFFLWI61f21mF55VOsMdLCBhjeFgL5U4EWy079mfOR6/J8thi/ag==",
      "license": "MIT",
      "funding": {
        "type": "github",
        "url": "https://donate.quasar.dev"
      }
    },
    "node_modules/leaflet": {
      "version": "1.9.4",
      "resolved": "https://registry.npmjs.org/leaflet/-/leaflet-1.9.4.tgz",
      "integrity": "sha512-nxS1ynzJOmOlHp+iL3FyWqK89GtNL8U8rvlMOsQdTTssxZwCXh8N2NB3GDQOL+YR3XnWyZAxwQixURb+FA74PA==",
      "license": "BSD-2-Clause"
    },
    "node_modules/quasar-app-extension-q-google-map": {
      "version": "1.0.0",
      "resolved": "https://registry.npmjs.org/quasar-app-extension-q-google-map/-/quasar-app-extension-q-google-map-1.0.0.tgz",
      "integrity": "sha512-Lt/aVAod4wY7Pfk0vaGo867cpmsJZ6SH9W2u9dyWEr2dYraBtTjfvtcx/Bt4iwkoyEfzS+SdCb3G09J7JaOUIQ==",
      "license": "MIT",
      "dependencies": {
        "quasar-ui-q-google-map": "1.0.0"
      },
      "engines": {
        "node": ">= 8.9.0",
        "npm": ">= 5.6.0",
        "yarn": ">= 1.6.0"
      }
    },
    "node_modules/quasar-ui-q-google-map": {
      "version": "1.0.0",
      "resolved": "https://registry.npmjs.org/quasar-ui-q-google-map/-/quasar-ui-q-google-map-1.0.0.tgz",
      "integrity": "sha512-qGmRygUP/MOgKMw53ZHX72bHaBkIxy9+8d8Mok0eab1571+ymZglIbbAg3/JLvBGpphWGsPLEmHK9g3sidfe7g==",
      "license": "MIT"
    }
  }
}
